// !$*UTF8*$!
{
	archiveVersion = 1;
	classes = {
	};
	objectVersion = 56;
	objects = {

/* Begin PBXBuildFile section */
		AD08E66C29CC1ACA00581DBA /* PullerPresentationController.swift in Sources */ = {isa = PBXBuildFile; fileRef = ADC11A6129B8197900EEF274 /* PullerPresentationController.swift */; };
		AD2FDE74299D20EB007FA7B1 /* AppleSheet.swift in Sources */ = {isa = PBXBuildFile; fileRef = AD2FDE73299D20EB007FA7B1 /* AppleSheet.swift */; };
		AD30F2F429CB4C4E0056BB40 /* UISegmentedControlExtensions.swift in Sources */ = {isa = PBXBuildFile; fileRef = AD30F2F329CB4C4E0056BB40 /* UISegmentedControlExtensions.swift */; };
		AD67DCBC29B9B2D30045354C /* UIScrollViewExtensions.swift in Sources */ = {isa = PBXBuildFile; fileRef = AD67DCBB29B9B2D30045354C /* UIScrollViewExtensions.swift */; };
		ADB508A129BB6EB400673FAA /* CATransactionExtensions.swift in Sources */ = {isa = PBXBuildFile; fileRef = ADB508A029BB6EB400673FAA /* CATransactionExtensions.swift */; };
		ADC11A6029B8195B00EEF274 /* PullerAnimationController.swift in Sources */ = {isa = PBXBuildFile; fileRef = ADC11A5F29B8195B00EEF274 /* PullerAnimationController.swift */; };
		ADCC4B3529CB126E00527E3C /* AppleDetent.swift in Sources */ = {isa = PBXBuildFile; fileRef = ADCC4B3429CB126E00527E3C /* AppleDetent.swift */; };
		ADCC4B3E29CB309200527E3C /* PullerModel.swift in Sources */ = {isa = PBXBuildFile; fileRef = ADCC4B3C29CB309200527E3C /* PullerModel.swift */; };
		ADCC4B3F29CB309200527E3C /* PullerAnimator.swift in Sources */ = {isa = PBXBuildFile; fileRef = ADCC4B3D29CB309200527E3C /* PullerAnimator.swift */; };
		ADCC4B4329CB30F500527E3C /* PullerDimmingView.swift in Sources */ = {isa = PBXBuildFile; fileRef = ADCC4B4129CB30F500527E3C /* PullerDimmingView.swift */; };
		ADCC4B4429CB30F500527E3C /* PullerDragIndicatorView.swift in Sources */ = {isa = PBXBuildFile; fileRef = ADCC4B4229CB30F500527E3C /* PullerDragIndicatorView.swift */; };
		ADCC4B4629CB310800527E3C /* PullerShadowView.swift in Sources */ = {isa = PBXBuildFile; fileRef = ADCC4B4529CB310800527E3C /* PullerShadowView.swift */; };
		ADCC4B4829CB317500527E3C /* Shadow.swift in Sources */ = {isa = PBXBuildFile; fileRef = ADCC4B4729CB317500527E3C /* Shadow.swift */; };
		ADCC4B4D29CB31B200527E3C /* Keyboard.swift in Sources */ = {isa = PBXBuildFile; fileRef = ADCC4B4B29CB31B200527E3C /* Keyboard.swift */; };
		ADCC4B6029CB340400527E3C /* MainViewController.swift in Sources */ = {isa = PBXBuildFile; fileRef = ADCC4B5529CB340400527E3C /* MainViewController.swift */; };
		ADCC4B6129CB340400527E3C /* UIViewExtensions.swift in Sources */ = {isa = PBXBuildFile; fileRef = ADCC4B5729CB340400527E3C /* UIViewExtensions.swift */; };
		ADCC4B6229CB340400527E3C /* UIColorExtensions.swift in Sources */ = {isa = PBXBuildFile; fileRef = ADCC4B5829CB340400527E3C /* UIColorExtensions.swift */; };
		ADCC4B6329CB340400527E3C /* SomeViewController.swift in Sources */ = {isa = PBXBuildFile; fileRef = ADCC4B5929CB340400527E3C /* SomeViewController.swift */; };
		ADCC4B6429CB340400527E3C /* PresentationSettings.swift in Sources */ = {isa = PBXBuildFile; fileRef = ADCC4B5A29CB340400527E3C /* PresentationSettings.swift */; };
		ADCC4B6529CB340400527E3C /* main.m in Sources */ = {isa = PBXBuildFile; fileRef = ADCC4B5D29CB340400527E3C /* main.m */; };
		ADCC4B6629CB340400527E3C /* AppDelegate.m in Sources */ = {isa = PBXBuildFile; fileRef = ADCC4B5E29CB340400527E3C /* AppDelegate.m */; };
		ADCC4B6729CB340400527E3C /* SettingsViewController.swift in Sources */ = {isa = PBXBuildFile; fileRef = ADCC4B5F29CB340400527E3C /* SettingsViewController.swift */; };
		ADCD8036299BD2FD006713AA /* Main.storyboard in Resources */ = {isa = PBXBuildFile; fileRef = ADCD8034299BD2FD006713AA /* Main.storyboard */; };
		ADCD8038299BD2FE006713AA /* Assets.xcassets in Resources */ = {isa = PBXBuildFile; fileRef = ADCD8037299BD2FE006713AA /* Assets.xcassets */; };
		ADCD803B299BD2FE006713AA /* LaunchScreen.storyboard in Resources */ = {isa = PBXBuildFile; fileRef = ADCD8039299BD2FE006713AA /* LaunchScreen.storyboard */; };
		ADD0C9E129D5B06000472023 /* TextViewController.swift in Sources */ = {isa = PBXBuildFile; fileRef = ADD0C9E029D5B06000472023 /* TextViewController.swift */; };
		ADD1CC12299F6A4D0029B536 /* UIViewControllerExtensions.swift in Sources */ = {isa = PBXBuildFile; fileRef = ADD1CC11299F6A4D0029B536 /* UIViewControllerExtensions.swift */; };
		ADD1CC14299F80B30029B536 /* CGPointExtensions.swift in Sources */ = {isa = PBXBuildFile; fileRef = ADD1CC13299F80B30029B536 /* CGPointExtensions.swift */; };
		ADD754A5299E6755005EC3BD /* PullerTransitioningDelegate.swift in Sources */ = {isa = PBXBuildFile; fileRef = ADD754A4299E6755005EC3BD /* PullerTransitioningDelegate.swift */; };
		ADD754A7299E80DC005EC3BD /* CALayerExtensions.swift in Sources */ = {isa = PBXBuildFile; fileRef = ADD754A6299E80DC005EC3BD /* CALayerExtensions.swift */; };
		ADD8097929A3827C0083B246 /* UIScreenExtensions.swift in Sources */ = {isa = PBXBuildFile; fileRef = ADD8097829A3827C0083B246 /* UIScreenExtensions.swift */; };
		ADDBCA7029E3972F00F1F757 /* PullerViewModifier.swift in Sources */ = {isa = PBXBuildFile; fileRef = ADDBCA6F29E3972F00F1F757 /* PullerViewModifier.swift */; };
		ADDEAF5B29E251B900050F84 /* SwiftUIViewController.swift in Sources */ = {isa = PBXBuildFile; fileRef = ADDEAF5A29E251B900050F84 /* SwiftUIViewController.swift */; };
/* End PBXBuildFile section */

/* Begin PBXFileReference section */
		AD2FDE73299D20EB007FA7B1 /* AppleSheet.swift */ = {isa = PBXFileReference; lastKnownFileType = sourcecode.swift; path = AppleSheet.swift; sourceTree = "<group>"; };
		AD30F2F229CB44450056BB40 /* README.md */ = {isa = PBXFileReference; lastKnownFileType = net.daringfireball.markdown; path = README.md; sourceTree = "<group>"; };
		AD30F2F329CB4C4E0056BB40 /* UISegmentedControlExtensions.swift */ = {isa = PBXFileReference; lastKnownFileType = sourcecode.swift; path = UISegmentedControlExtensions.swift; sourceTree = "<group>"; };
		AD61761129BF2F3C00755515 /* AppleInspiredPuller-Bridging-Header.h */ = {isa = PBXFileReference; lastKnownFileType = sourcecode.c.h; path = "AppleInspiredPuller-Bridging-Header.h"; sourceTree = "<group>"; };
		AD67DCBB29B9B2D30045354C /* UIScrollViewExtensions.swift */ = {isa = PBXFileReference; lastKnownFileType = sourcecode.swift; path = UIScrollViewExtensions.swift; sourceTree = "<group>"; };
		ADB508A029BB6EB400673FAA /* CATransactionExtensions.swift */ = {isa = PBXFileReference; lastKnownFileType = sourcecode.swift; path = CATransactionExtensions.swift; sourceTree = "<group>"; };
		ADC11A5F29B8195B00EEF274 /* PullerAnimationController.swift */ = {isa = PBXFileReference; lastKnownFileType = sourcecode.swift; path = PullerAnimationController.swift; sourceTree = "<group>"; };
		ADC11A6129B8197900EEF274 /* PullerPresentationController.swift */ = {isa = PBXFileReference; lastKnownFileType = sourcecode.swift; path = PullerPresentationController.swift; sourceTree = "<group>"; };
		ADCC4B3429CB126E00527E3C /* AppleDetent.swift */ = {isa = PBXFileReference; lastKnownFileType = sourcecode.swift; path = AppleDetent.swift; sourceTree = "<group>"; };
		ADCC4B3C29CB309200527E3C /* PullerModel.swift */ = {isa = PBXFileReference; fileEncoding = 4; lastKnownFileType = sourcecode.swift; path = PullerModel.swift; sourceTree = "<group>"; };
		ADCC4B3D29CB309200527E3C /* PullerAnimator.swift */ = {isa = PBXFileReference; fileEncoding = 4; lastKnownFileType = sourcecode.swift; path = PullerAnimator.swift; sourceTree = "<group>"; };
		ADCC4B4129CB30F500527E3C /* PullerDimmingView.swift */ = {isa = PBXFileReference; fileEncoding = 4; lastKnownFileType = sourcecode.swift; path = PullerDimmingView.swift; sourceTree = "<group>"; };
		ADCC4B4229CB30F500527E3C /* PullerDragIndicatorView.swift */ = {isa = PBXFileReference; fileEncoding = 4; lastKnownFileType = sourcecode.swift; path = PullerDragIndicatorView.swift; sourceTree = "<group>"; };
		ADCC4B4529CB310800527E3C /* PullerShadowView.swift */ = {isa = PBXFileReference; lastKnownFileType = sourcecode.swift; path = PullerShadowView.swift; sourceTree = "<group>"; };
		ADCC4B4729CB317500527E3C /* Shadow.swift */ = {isa = PBXFileReference; fileEncoding = 4; lastKnownFileType = sourcecode.swift; path = Shadow.swift; sourceTree = "<group>"; };
		ADCC4B4B29CB31B200527E3C /* Keyboard.swift */ = {isa = PBXFileReference; fileEncoding = 4; lastKnownFileType = sourcecode.swift; path = Keyboard.swift; sourceTree = "<group>"; };
		ADCC4B5529CB340400527E3C /* MainViewController.swift */ = {isa = PBXFileReference; fileEncoding = 4; lastKnownFileType = sourcecode.swift; path = MainViewController.swift; sourceTree = "<group>"; };
		ADCC4B5729CB340400527E3C /* UIViewExtensions.swift */ = {isa = PBXFileReference; fileEncoding = 4; lastKnownFileType = sourcecode.swift; path = UIViewExtensions.swift; sourceTree = "<group>"; };
		ADCC4B5829CB340400527E3C /* UIColorExtensions.swift */ = {isa = PBXFileReference; fileEncoding = 4; lastKnownFileType = sourcecode.swift; path = UIColorExtensions.swift; sourceTree = "<group>"; };
		ADCC4B5929CB340400527E3C /* SomeViewController.swift */ = {isa = PBXFileReference; fileEncoding = 4; lastKnownFileType = sourcecode.swift; path = SomeViewController.swift; sourceTree = "<group>"; };
		ADCC4B5A29CB340400527E3C /* PresentationSettings.swift */ = {isa = PBXFileReference; fileEncoding = 4; lastKnownFileType = sourcecode.swift; path = PresentationSettings.swift; sourceTree = "<group>"; };
		ADCC4B5C29CB340400527E3C /* AppDelegate.h */ = {isa = PBXFileReference; fileEncoding = 4; lastKnownFileType = sourcecode.c.h; path = AppDelegate.h; sourceTree = "<group>"; };
		ADCC4B5D29CB340400527E3C /* main.m */ = {isa = PBXFileReference; fileEncoding = 4; lastKnownFileType = sourcecode.c.objc; path = main.m; sourceTree = "<group>"; };
		ADCC4B5E29CB340400527E3C /* AppDelegate.m */ = {isa = PBXFileReference; fileEncoding = 4; lastKnownFileType = sourcecode.c.objc; path = AppDelegate.m; sourceTree = "<group>"; };
		ADCC4B5F29CB340400527E3C /* SettingsViewController.swift */ = {isa = PBXFileReference; fileEncoding = 4; lastKnownFileType = sourcecode.swift; path = SettingsViewController.swift; sourceTree = "<group>"; };
		ADCD802B299BD2FD006713AA /* AppleInspiredPuller.app */ = {isa = PBXFileReference; explicitFileType = wrapper.application; includeInIndex = 0; path = AppleInspiredPuller.app; sourceTree = BUILT_PRODUCTS_DIR; };
		ADCD8035299BD2FD006713AA /* Base */ = {isa = PBXFileReference; lastKnownFileType = file.storyboard; name = Base; path = Base.lproj/Main.storyboard; sourceTree = "<group>"; };
		ADCD8037299BD2FE006713AA /* Assets.xcassets */ = {isa = PBXFileReference; lastKnownFileType = folder.assetcatalog; path = Assets.xcassets; sourceTree = "<group>"; };
		ADCD803A299BD2FE006713AA /* Base */ = {isa = PBXFileReference; lastKnownFileType = file.storyboard; name = Base; path = Base.lproj/LaunchScreen.storyboard; sourceTree = "<group>"; };
		ADCD803C299BD2FE006713AA /* Info.plist */ = {isa = PBXFileReference; lastKnownFileType = text.plist.xml; path = Info.plist; sourceTree = "<group>"; };
		ADD0C9E029D5B06000472023 /* TextViewController.swift */ = {isa = PBXFileReference; lastKnownFileType = sourcecode.swift; path = TextViewController.swift; sourceTree = "<group>"; };
		ADD1CC11299F6A4D0029B536 /* UIViewControllerExtensions.swift */ = {isa = PBXFileReference; lastKnownFileType = sourcecode.swift; path = UIViewControllerExtensions.swift; sourceTree = "<group>"; };
		ADD1CC13299F80B30029B536 /* CGPointExtensions.swift */ = {isa = PBXFileReference; fileEncoding = 4; lastKnownFileType = sourcecode.swift; path = CGPointExtensions.swift; sourceTree = "<group>"; };
		ADD754A4299E6755005EC3BD /* PullerTransitioningDelegate.swift */ = {isa = PBXFileReference; lastKnownFileType = sourcecode.swift; path = PullerTransitioningDelegate.swift; sourceTree = "<group>"; };
		ADD754A6299E80DC005EC3BD /* CALayerExtensions.swift */ = {isa = PBXFileReference; lastKnownFileType = sourcecode.swift; path = CALayerExtensions.swift; sourceTree = "<group>"; };
		ADD8097829A3827C0083B246 /* UIScreenExtensions.swift */ = {isa = PBXFileReference; lastKnownFileType = sourcecode.swift; path = UIScreenExtensions.swift; sourceTree = "<group>"; };
		ADDBCA6F29E3972F00F1F757 /* PullerViewModifier.swift */ = {isa = PBXFileReference; lastKnownFileType = sourcecode.swift; path = PullerViewModifier.swift; sourceTree = "<group>"; };
		ADDEAF5A29E251B900050F84 /* SwiftUIViewController.swift */ = {isa = PBXFileReference; lastKnownFileType = sourcecode.swift; path = SwiftUIViewController.swift; sourceTree = "<group>"; };
/* End PBXFileReference section */

/* Begin PBXFrameworksBuildPhase section */
		ADCD8028299BD2FD006713AA /* Frameworks */ = {
			isa = PBXFrameworksBuildPhase;
			buildActionMask = 2147483647;
			files = (
			);
			runOnlyForDeploymentPostprocessing = 0;
		};
/* End PBXFrameworksBuildPhase section */

/* Begin PBXGroup section */
		ADC7664829B9CB210085DFE5 /* Extensions */ = {
			isa = PBXGroup;
			children = (
				ADD1CC11299F6A4D0029B536 /* UIViewControllerExtensions.swift */,
				ADD1CC13299F80B30029B536 /* CGPointExtensions.swift */,
				AD67DCBB29B9B2D30045354C /* UIScrollViewExtensions.swift */,
				ADD8097829A3827C0083B246 /* UIScreenExtensions.swift */,
				ADD754A6299E80DC005EC3BD /* CALayerExtensions.swift */,
				ADB508A029BB6EB400673FAA /* CATransactionExtensions.swift */,
			);
			path = Extensions;
			sourceTree = "<group>";
		};
		ADC7664929B9CB600085DFE5 /* Sheet */ = {
			isa = PBXGroup;
			children = (
				AD2FDE73299D20EB007FA7B1 /* AppleSheet.swift */,
				ADCC4B3429CB126E00527E3C /* AppleDetent.swift */,
			);
			path = Sheet;
			sourceTree = "<group>";
		};
		ADCC4B3B29CB309200527E3C /* Model */ = {
			isa = PBXGroup;
			children = (
				ADCC4B3C29CB309200527E3C /* PullerModel.swift */,
				ADCC4B3D29CB309200527E3C /* PullerAnimator.swift */,
				ADCC4B4729CB317500527E3C /* Shadow.swift */,
			);
			path = Model;
			sourceTree = "<group>";
		};
		ADCC4B4029CB30F500527E3C /* Views */ = {
			isa = PBXGroup;
			children = (
				ADCC4B4129CB30F500527E3C /* PullerDimmingView.swift */,
				ADCC4B4229CB30F500527E3C /* PullerDragIndicatorView.swift */,
				ADCC4B4529CB310800527E3C /* PullerShadowView.swift */,
			);
			path = Views;
			sourceTree = "<group>";
		};
		ADCC4B4929CB31B200527E3C /* Services */ = {
			isa = PBXGroup;
			children = (
				ADCC4B4B29CB31B200527E3C /* Keyboard.swift */,
			);
			path = Services;
			sourceTree = "<group>";
		};
		ADCC4B5429CB340400527E3C /* App */ = {
			isa = PBXGroup;
			children = (
				ADCC4B5B29CB340400527E3C /* AppDelegate */,
				ADCC4B5629CB340400527E3C /* Extensions */,
				ADCC4B5529CB340400527E3C /* MainViewController.swift */,
				ADCC4B5929CB340400527E3C /* SomeViewController.swift */,
				ADD0C9E029D5B06000472023 /* TextViewController.swift */,
				ADDEAF5A29E251B900050F84 /* SwiftUIViewController.swift */,
				ADCC4B5A29CB340400527E3C /* PresentationSettings.swift */,
				ADCC4B5F29CB340400527E3C /* SettingsViewController.swift */,
			);
			path = App;
			sourceTree = "<group>";
		};
		ADCC4B5629CB340400527E3C /* Extensions */ = {
			isa = PBXGroup;
			children = (
				ADCC4B5729CB340400527E3C /* UIViewExtensions.swift */,
				ADCC4B5829CB340400527E3C /* UIColorExtensions.swift */,
				AD30F2F329CB4C4E0056BB40 /* UISegmentedControlExtensions.swift */,
			);
			path = Extensions;
			sourceTree = "<group>";
		};
		ADCC4B5B29CB340400527E3C /* AppDelegate */ = {
			isa = PBXGroup;
			children = (
				ADCC4B5D29CB340400527E3C /* main.m */,
				ADCC4B5C29CB340400527E3C /* AppDelegate.h */,
				ADCC4B5E29CB340400527E3C /* AppDelegate.m */,
			);
			path = AppDelegate;
			sourceTree = "<group>";
		};
		ADCD8022299BD2FD006713AA = {
			isa = PBXGroup;
			children = (
				AD30F2F229CB44450056BB40 /* README.md */,
				ADCD802D299BD2FD006713AA /* AppleInspiredPuller */,
				ADCD802C299BD2FD006713AA /* Products */,
			);
			sourceTree = "<group>";
		};
		ADCD802C299BD2FD006713AA /* Products */ = {
			isa = PBXGroup;
			children = (
				ADCD802B299BD2FD006713AA /* AppleInspiredPuller.app */,
			);
			name = Products;
			sourceTree = "<group>";
		};
		ADCD802D299BD2FD006713AA /* AppleInspiredPuller */ = {
			isa = PBXGroup;
			children = (
				ADCC4B5429CB340400527E3C /* App */,
				ADC7664929B9CB600085DFE5 /* Sheet */,
				ADD7549F299E62CF005EC3BD /* Puller */,
				ADCD8034299BD2FD006713AA /* Main.storyboard */,
				ADCD8037299BD2FE006713AA /* Assets.xcassets */,
				ADCD8039299BD2FE006713AA /* LaunchScreen.storyboard */,
				ADCD803C299BD2FE006713AA /* Info.plist */,
				AD61761129BF2F3C00755515 /* AppleInspiredPuller-Bridging-Header.h */,
			);
			path = AppleInspiredPuller;
			sourceTree = "<group>";
		};
		ADD7549F299E62CF005EC3BD /* Puller */ = {
			isa = PBXGroup;
			children = (
				ADCC4B4929CB31B200527E3C /* Services */,
				ADCC4B4029CB30F500527E3C /* Views */,
				ADCC4B3B29CB309200527E3C /* Model */,
				ADC7664829B9CB210085DFE5 /* Extensions */,
				ADC11A6129B8197900EEF274 /* PullerPresentationController.swift */,
				ADC11A5F29B8195B00EEF274 /* PullerAnimationController.swift */,
				ADD754A4299E6755005EC3BD /* PullerTransitioningDelegate.swift */,
				ADDBCA6F29E3972F00F1F757 /* PullerViewModifier.swift */,
			);
			path = Puller;
			sourceTree = "<group>";
		};
/* End PBXGroup section */

/* Begin PBXNativeTarget section */
		ADCD802A299BD2FD006713AA /* AppleInspiredPuller */ = {
			isa = PBXNativeTarget;
			buildConfigurationList = ADCD803F299BD2FE006713AA /* Build configuration list for PBXNativeTarget "AppleInspiredPuller" */;
			buildPhases = (
				ADCD8027299BD2FD006713AA /* Sources */,
				ADCD8028299BD2FD006713AA /* Frameworks */,
				ADCD8029299BD2FD006713AA /* Resources */,
			);
			buildRules = (
			);
			dependencies = (
			);
			name = AppleInspiredPuller;
			packageProductDependencies = (
			);
			productName = SheetsByApple;
			productReference = ADCD802B299BD2FD006713AA /* AppleInspiredPuller.app */;
			productType = "com.apple.product-type.application";
		};
/* End PBXNativeTarget section */

/* Begin PBXProject section */
		ADCD8023299BD2FD006713AA /* Project object */ = {
			isa = PBXProject;
			attributes = {
				BuildIndependentTargetsInParallel = 1;
				LastSwiftUpdateCheck = 1420;
				LastUpgradeCheck = 1420;
				ORGANIZATIONNAME = "";
				TargetAttributes = {
					ADCD802A299BD2FD006713AA = {
						CreatedOnToolsVersion = 14.2;
						LastSwiftMigration = 1420;
					};
				};
			};
			buildConfigurationList = ADCD8026299BD2FD006713AA /* Build configuration list for PBXProject "AppleInspiredPuller" */;
			compatibilityVersion = "Xcode 14.0";
			developmentRegion = en;
			hasScannedForEncodings = 0;
			knownRegions = (
				en,
				Base,
			);
			mainGroup = ADCD8022299BD2FD006713AA;
			packageReferences = (
			);
			productRefGroup = ADCD802C299BD2FD006713AA /* Products */;
			projectDirPath = "";
			projectRoot = "";
			targets = (
				ADCD802A299BD2FD006713AA /* AppleInspiredPuller */,
			);
		};
/* End PBXProject section */

/* Begin PBXResourcesBuildPhase section */
		ADCD8029299BD2FD006713AA /* Resources */ = {
			isa = PBXResourcesBuildPhase;
			buildActionMask = 2147483647;
			files = (
				ADCD803B299BD2FE006713AA /* LaunchScreen.storyboard in Resources */,
				ADCD8038299BD2FE006713AA /* Assets.xcassets in Resources */,
				ADCD8036299BD2FD006713AA /* Main.storyboard in Resources */,
			);
			runOnlyForDeploymentPostprocessing = 0;
		};
/* End PBXResourcesBuildPhase section */

/* Begin PBXSourcesBuildPhase section */
		ADCD8027299BD2FD006713AA /* Sources */ = {
			isa = PBXSourcesBuildPhase;
			buildActionMask = 2147483647;
			files = (
				ADCC4B6129CB340400527E3C /* UIViewExtensions.swift in Sources */,
				ADDEAF5B29E251B900050F84 /* SwiftUIViewController.swift in Sources */,
				ADCC4B6429CB340400527E3C /* PresentationSettings.swift in Sources */,
				ADD1CC12299F6A4D0029B536 /* UIViewControllerExtensions.swift in Sources */,
				ADCC4B3529CB126E00527E3C /* AppleDetent.swift in Sources */,
				AD2FDE74299D20EB007FA7B1 /* AppleSheet.swift in Sources */,
				ADCC4B6329CB340400527E3C /* SomeViewController.swift in Sources */,
				ADD754A7299E80DC005EC3BD /* CALayerExtensions.swift in Sources */,
				ADCC4B4429CB30F500527E3C /* PullerDragIndicatorView.swift in Sources */,
				ADCC4B3F29CB309200527E3C /* PullerAnimator.swift in Sources */,
				ADCC4B3E29CB309200527E3C /* PullerModel.swift in Sources */,
				ADCC4B4D29CB31B200527E3C /* Keyboard.swift in Sources */,
				ADCC4B4629CB310800527E3C /* PullerShadowView.swift in Sources */,
				AD67DCBC29B9B2D30045354C /* UIScrollViewExtensions.swift in Sources */,
				AD30F2F429CB4C4E0056BB40 /* UISegmentedControlExtensions.swift in Sources */,
				ADD0C9E129D5B06000472023 /* TextViewController.swift in Sources */,
				AD08E66C29CC1ACA00581DBA /* PullerPresentationController.swift in Sources */,
				ADCC4B6529CB340400527E3C /* main.m in Sources */,
				ADDBCA7029E3972F00F1F757 /* PullerViewModifier.swift in Sources */,
				ADB508A129BB6EB400673FAA /* CATransactionExtensions.swift in Sources */,
				ADCC4B4829CB317500527E3C /* Shadow.swift in Sources */,
				ADD1CC14299F80B30029B536 /* CGPointExtensions.swift in Sources */,
				ADCC4B4329CB30F500527E3C /* PullerDimmingView.swift in Sources */,
				ADCC4B6629CB340400527E3C /* AppDelegate.m in Sources */,
				ADCC4B6229CB340400527E3C /* UIColorExtensions.swift in Sources */,
				ADC11A6029B8195B00EEF274 /* PullerAnimationController.swift in Sources */,
				ADD8097929A3827C0083B246 /* UIScreenExtensions.swift in Sources */,
				ADD754A5299E6755005EC3BD /* PullerTransitioningDelegate.swift in Sources */,
				ADCC4B6029CB340400527E3C /* MainViewController.swift in Sources */,
				ADCC4B6729CB340400527E3C /* SettingsViewController.swift in Sources */,
			);
			runOnlyForDeploymentPostprocessing = 0;
		};
/* End PBXSourcesBuildPhase section */

/* Begin PBXVariantGroup section */
		ADCD8034299BD2FD006713AA /* Main.storyboard */ = {
			isa = PBXVariantGroup;
			children = (
				ADCD8035299BD2FD006713AA /* Base */,
			);
			name = Main.storyboard;
			sourceTree = "<group>";
		};
		ADCD8039299BD2FE006713AA /* LaunchScreen.storyboard */ = {
			isa = PBXVariantGroup;
			children = (
				ADCD803A299BD2FE006713AA /* Base */,
			);
			name = LaunchScreen.storyboard;
			sourceTree = "<group>";
		};
/* End PBXVariantGroup section */

/* Begin XCBuildConfiguration section */
		ADCD803D299BD2FE006713AA /* Debug */ = {
			isa = XCBuildConfiguration;
			buildSettings = {
				ALWAYS_SEARCH_USER_PATHS = NO;
				CLANG_ANALYZER_NONNULL = YES;
				CLANG_ANALYZER_NUMBER_OBJECT_CONVERSION = YES_AGGRESSIVE;
				CLANG_CXX_LANGUAGE_STANDARD = "gnu++20";
				CLANG_ENABLE_MODULES = YES;
				CLANG_ENABLE_OBJC_ARC = YES;
				CLANG_ENABLE_OBJC_WEAK = YES;
				CLANG_WARN_BLOCK_CAPTURE_AUTORELEASING = YES;
				CLANG_WARN_BOOL_CONVERSION = YES;
				CLANG_WARN_COMMA = YES;
				CLANG_WARN_CONSTANT_CONVERSION = YES;
				CLANG_WARN_DEPRECATED_OBJC_IMPLEMENTATIONS = YES;
				CLANG_WARN_DIRECT_OBJC_ISA_USAGE = YES_ERROR;
				CLANG_WARN_DOCUMENTATION_COMMENTS = YES;
				CLANG_WARN_EMPTY_BODY = YES;
				CLANG_WARN_ENUM_CONVERSION = YES;
				CLANG_WARN_INFINITE_RECURSION = YES;
				CLANG_WARN_INT_CONVERSION = YES;
				CLANG_WARN_NON_LITERAL_NULL_CONVERSION = YES;
				CLANG_WARN_OBJC_IMPLICIT_RETAIN_SELF = YES;
				CLANG_WARN_OBJC_LITERAL_CONVERSION = YES;
				CLANG_WARN_OBJC_ROOT_CLASS = YES_ERROR;
				CLANG_WARN_QUOTED_INCLUDE_IN_FRAMEWORK_HEADER = YES;
				CLANG_WARN_RANGE_LOOP_ANALYSIS = YES;
				CLANG_WARN_STRICT_PROTOTYPES = YES;
				CLANG_WARN_SUSPICIOUS_MOVE = YES;
				CLANG_WARN_UNGUARDED_AVAILABILITY = YES_AGGRESSIVE;
				CLANG_WARN_UNREACHABLE_CODE = YES;
				CLANG_WARN__DUPLICATE_METHOD_MATCH = YES;
				COPY_PHASE_STRIP = NO;
				DEBUG_INFORMATION_FORMAT = dwarf;
				ENABLE_STRICT_OBJC_MSGSEND = YES;
				ENABLE_TESTABILITY = YES;
				GCC_C_LANGUAGE_STANDARD = gnu11;
				GCC_DYNAMIC_NO_PIC = NO;
				GCC_NO_COMMON_BLOCKS = YES;
				GCC_OPTIMIZATION_LEVEL = 0;
				GCC_PREPROCESSOR_DEFINITIONS = (
					"DEBUG=1",
					"$(inherited)",
				);
				GCC_WARN_64_TO_32_BIT_CONVERSION = YES;
				GCC_WARN_ABOUT_RETURN_TYPE = YES_ERROR;
				GCC_WARN_UNDECLARED_SELECTOR = YES;
				GCC_WARN_UNINITIALIZED_AUTOS = YES_AGGRESSIVE;
				GCC_WARN_UNUSED_FUNCTION = YES;
				GCC_WARN_UNUSED_VARIABLE = YES;
				IPHONEOS_DEPLOYMENT_TARGET = 16.2;
				MTL_ENABLE_DEBUG_INFO = INCLUDE_SOURCE;
				MTL_FAST_MATH = YES;
				ONLY_ACTIVE_ARCH = YES;
				SDKROOT = iphoneos;
				SWIFT_ACTIVE_COMPILATION_CONDITIONS = DEBUG;
				SWIFT_OPTIMIZATION_LEVEL = "-Onone";
			};
			name = Debug;
		};
		ADCD803E299BD2FE006713AA /* Release */ = {
			isa = XCBuildConfiguration;
			buildSettings = {
				ALWAYS_SEARCH_USER_PATHS = NO;
				CLANG_ANALYZER_NONNULL = YES;
				CLANG_ANALYZER_NUMBER_OBJECT_CONVERSION = YES_AGGRESSIVE;
				CLANG_CXX_LANGUAGE_STANDARD = "gnu++20";
				CLANG_ENABLE_MODULES = YES;
				CLANG_ENABLE_OBJC_ARC = YES;
				CLANG_ENABLE_OBJC_WEAK = YES;
				CLANG_WARN_BLOCK_CAPTURE_AUTORELEASING = YES;
				CLANG_WARN_BOOL_CONVERSION = YES;
				CLANG_WARN_COMMA = YES;
				CLANG_WARN_CONSTANT_CONVERSION = YES;
				CLANG_WARN_DEPRECATED_OBJC_IMPLEMENTATIONS = YES;
				CLANG_WARN_DIRECT_OBJC_ISA_USAGE = YES_ERROR;
				CLANG_WARN_DOCUMENTATION_COMMENTS = YES;
				CLANG_WARN_EMPTY_BODY = YES;
				CLANG_WARN_ENUM_CONVERSION = YES;
				CLANG_WARN_INFINITE_RECURSION = YES;
				CLANG_WARN_INT_CONVERSION = YES;
				CLANG_WARN_NON_LITERAL_NULL_CONVERSION = YES;
				CLANG_WARN_OBJC_IMPLICIT_RETAIN_SELF = YES;
				CLANG_WARN_OBJC_LITERAL_CONVERSION = YES;
				CLANG_WARN_OBJC_ROOT_CLASS = YES_ERROR;
				CLANG_WARN_QUOTED_INCLUDE_IN_FRAMEWORK_HEADER = YES;
				CLANG_WARN_RANGE_LOOP_ANALYSIS = YES;
				CLANG_WARN_STRICT_PROTOTYPES = YES;
				CLANG_WARN_SUSPICIOUS_MOVE = YES;
				CLANG_WARN_UNGUARDED_AVAILABILITY = YES_AGGRESSIVE;
				CLANG_WARN_UNREACHABLE_CODE = YES;
				CLANG_WARN__DUPLICATE_METHOD_MATCH = YES;
				COPY_PHASE_STRIP = NO;
				DEBUG_INFORMATION_FORMAT = "dwarf-with-dsym";
				ENABLE_NS_ASSERTIONS = NO;
				ENABLE_STRICT_OBJC_MSGSEND = YES;
				GCC_C_LANGUAGE_STANDARD = gnu11;
				GCC_NO_COMMON_BLOCKS = YES;
				GCC_WARN_64_TO_32_BIT_CONVERSION = YES;
				GCC_WARN_ABOUT_RETURN_TYPE = YES_ERROR;
				GCC_WARN_UNDECLARED_SELECTOR = YES;
				GCC_WARN_UNINITIALIZED_AUTOS = YES_AGGRESSIVE;
				GCC_WARN_UNUSED_FUNCTION = YES;
				GCC_WARN_UNUSED_VARIABLE = YES;
				IPHONEOS_DEPLOYMENT_TARGET = 16.2;
				MTL_ENABLE_DEBUG_INFO = NO;
				MTL_FAST_MATH = YES;
				SDKROOT = iphoneos;
				SWIFT_COMPILATION_MODE = wholemodule;
				SWIFT_OPTIMIZATION_LEVEL = "-O";
				VALIDATE_PRODUCT = YES;
			};
			name = Release;
		};
		ADCD8040299BD2FE006713AA /* Debug */ = {
			isa = XCBuildConfiguration;
			buildSettings = {
				ASSETCATALOG_COMPILER_APPICON_NAME = AppIcon;
				ASSETCATALOG_COMPILER_GLOBAL_ACCENT_COLOR_NAME = AccentColor;
				CLANG_ENABLE_MODULES = YES;
				CODE_SIGN_STYLE = Automatic;
				CURRENT_PROJECT_VERSION = 111;
				DEVELOPMENT_TEAM = G9N53683T3;
				GENERATE_INFOPLIST_FILE = YES;
				INFOPLIST_FILE = AppleInspiredPuller/Info.plist;
				INFOPLIST_KEY_UIApplicationSupportsIndirectInputEvents = YES;
				INFOPLIST_KEY_UILaunchStoryboardName = LaunchScreen;
				INFOPLIST_KEY_UIMainStoryboardFile = Main;
				INFOPLIST_KEY_UISupportedInterfaceOrientations_iPad = "UIInterfaceOrientationPortrait UIInterfaceOrientationPortraitUpsideDown UIInterfaceOrientationLandscapeLeft UIInterfaceOrientationLandscapeRight";
				INFOPLIST_KEY_UISupportedInterfaceOrientations_iPhone = "UIInterfaceOrientationPortrait UIInterfaceOrientationLandscapeLeft UIInterfaceOrientationLandscapeRight";
				IPHONEOS_DEPLOYMENT_TARGET = 11.0;
				LD_RUNPATH_SEARCH_PATHS = (
					"$(inherited)",
					"@executable_path/Frameworks",
				);
				MARKETING_VERSION = 1.0;
				PRODUCT_BUNDLE_IDENTIFIER = com.zsergey.Transformator;
				PRODUCT_NAME = "$(TARGET_NAME)";
				SWIFT_EMIT_LOC_STRINGS = YES;
				SWIFT_OBJC_BRIDGING_HEADER = "AppleInspiredPuller/AppleInspiredPuller-Bridging-Header.h";
				SWIFT_OPTIMIZATION_LEVEL = "-Onone";
				SWIFT_VERSION = 5.0;
				TARGETED_DEVICE_FAMILY = "1,2";
			};
			name = Debug;
		};
		ADCD8041299BD2FE006713AA /* Release */ = {
			isa = XCBuildConfiguration;
			buildSettings = {
				ASSETCATALOG_COMPILER_APPICON_NAME = AppIcon;
				ASSETCATALOG_COMPILER_GLOBAL_ACCENT_COLOR_NAME = AccentColor;
				CLANG_ENABLE_MODULES = YES;
				CODE_SIGN_STYLE = Automatic;
				CURRENT_PROJECT_VERSION = 111;
				DEVELOPMENT_TEAM = G9N53683T3;
				GENERATE_INFOPLIST_FILE = YES;
				INFOPLIST_FILE = AppleInspiredPuller/Info.plist;
				INFOPLIST_KEY_UIApplicationSupportsIndirectInputEvents = YES;
				INFOPLIST_KEY_UILaunchStoryboardName = LaunchScreen;
				INFOPLIST_KEY_UIMainStoryboardFile = Main;
				INFOPLIST_KEY_UISupportedInterfaceOrientations_iPad = "UIInterfaceOrientationPortrait UIInterfaceOrientationPortraitUpsideDown UIInterfaceOrientationLandscapeLeft UIInterfaceOrientationLandscapeRight";
				INFOPLIST_KEY_UISupportedInterfaceOrientations_iPhone = "UIInterfaceOrientationPortrait UIInterfaceOrientationLandscapeLeft UIInterfaceOrientationLandscapeRight";
				IPHONEOS_DEPLOYMENT_TARGET = 11.0;
				LD_RUNPATH_SEARCH_PATHS = (
					"$(inherited)",
					"@executable_path/Frameworks",
				);
				MARKETING_VERSION = 1.0;
				PRODUCT_BUNDLE_IDENTIFIER = com.zsergey.Transformator;
				PRODUCT_NAME = "$(TARGET_NAME)";
				SWIFT_EMIT_LOC_STRINGS = YES;
				SWIFT_OBJC_BRIDGING_HEADER = "AppleInspiredPuller/AppleInspiredPuller-Bridging-Header.h";
				SWIFT_VERSION = 5.0;
				TARGETED_DEVICE_FAMILY = "1,2";
			};
			name = Release;
		};
/* End XCBuildConfiguration section */

/* Begin XCConfigurationList section */
		ADCD8026299BD2FD006713AA /* Build configuration list for PBXProject "AppleInspiredPuller" */ = {
			isa = XCConfigurationList;
			buildConfigurations = (
				ADCD803D299BD2FE006713AA /* Debug */,
				ADCD803E299BD2FE006713AA /* Release */,
			);
			defaultConfigurationIsVisible = 0;
			defaultConfigurationName = Release;
		};
		ADCD803F299BD2FE006713AA /* Build configuration list for PBXNativeTarget "AppleInspiredPuller" */ = {
			isa = XCConfigurationList;
			buildConfigurations = (
				ADCD8040299BD2FE006713AA /* Debug */,
				ADCD8041299BD2FE006713AA /* Release */,
			);
			defaultConfigurationIsVisible = 0;
			defaultConfigurationName = Release;
		};
/* End XCConfigurationList section */
	};
	rootObject = ADCD8023299BD2FD006713AA /* Project object */;
}
