{
  "pins" : [
    {
      "identity" : "apple-inspired-puller",
      "kind" : "remoteSourceControl",
      "location" : "https://github.com/zsergey/Apple-Inspired-Puller.git",
      "state" : {
        "branch" : "develop",
        "revision" : "e8811f93090029d019e8f01b2922e43f269a5b91"
      }
    }
  ],
  "version" : 2
}
