{
  "pins" : [
    {
      "identity" : "apple-inspired-puller",
      "kind" : "remoteSourceControl",
      "location" : "https://github.com/zsergey/Apple-Inspired-Puller.git",
      "state" : {
        "branch" : "develop",
        "revision" : "00572a34552781d43c6b194c72d75404bb7dd970"
      }
    }
  ],
  "version" : 2
}
