{
  "pins" : [
    {
      "identity" : "apple-inspired-puller",
      "kind" : "remoteSourceControl",
      "location" : "https://github.com/zsergey/Apple-Inspired-Puller.git",
      "state" : {
        "branch" : "develop",
        "revision" : "30bac8572514487c2387ea46d9e6f4d4d9d0c809"
      }
    }
  ],
  "version" : 2
}
