// !$*UTF8*$!
{
	archiveVersion = 1;
	classes = {
	};
	objectVersion = 56;
	objects = {

/* Begin PBXBuildFile section */
		AD2301842ADD242A008000D1 /* AdaptableViewController.swift in Sources */ = {isa = PBXBuildFile; fileRef = AD2301832ADD242A008000D1 /* AdaptableViewController.swift */; };
		AD2E72FF29F8FB0500E9C7EF /* ImageViewController.swift in Sources */ = {isa = PBXBuildFile; fileRef = AD2E72FE29F8FB0500E9C7EF /* ImageViewController.swift */; };
		AD2E730129F8FE3700E9C7EF /* ImageContentViewController.swift in Sources */ = {isa = PBXBuildFile; fileRef = AD2E730029F8FE3700E9C7EF /* ImageContentViewController.swift */; };
		AD2FDE74299D20EB007FA7B1 /* AppleSheet.swift in Sources */ = {isa = PBXBuildFile; fileRef = AD2FDE73299D20EB007FA7B1 /* AppleSheet.swift */; };
		AD30F2F429CB4C4E0056BB40 /* UISegmentedControlExtensions.swift in Sources */ = {isa = PBXBuildFile; fileRef = AD30F2F329CB4C4E0056BB40 /* UISegmentedControlExtensions.swift */; };
		ADCBEECD2BB56F2500CCC6AD /* Puller in Frameworks */ = {isa = PBXBuildFile; productRef = ADCBEECC2BB56F2500CCC6AD /* Puller */; };
		ADCBFD6329E9393700A956AC /* SwiftUIViewController.swift in Sources */ = {isa = PBXBuildFile; fileRef = ADCBFD6229E9393700A956AC /* SwiftUIViewController.swift */; };
		ADCC4B3529CB126E00527E3C /* AppleDetent.swift in Sources */ = {isa = PBXBuildFile; fileRef = ADCC4B3429CB126E00527E3C /* AppleDetent.swift */; };
		ADCC4B6029CB340400527E3C /* MainViewController.swift in Sources */ = {isa = PBXBuildFile; fileRef = ADCC4B5529CB340400527E3C /* MainViewController.swift */; };
		ADCC4B6229CB340400527E3C /* UIColorExtensions.swift in Sources */ = {isa = PBXBuildFile; fileRef = ADCC4B5829CB340400527E3C /* UIColorExtensions.swift */; };
		ADCC4B6329CB340400527E3C /* SomeViewController.swift in Sources */ = {isa = PBXBuildFile; fileRef = ADCC4B5929CB340400527E3C /* SomeViewController.swift */; };
		ADCC4B6429CB340400527E3C /* PresentationSettings.swift in Sources */ = {isa = PBXBuildFile; fileRef = ADCC4B5A29CB340400527E3C /* PresentationSettings.swift */; };
		ADCC4B6529CB340400527E3C /* main.m in Sources */ = {isa = PBXBuildFile; fileRef = ADCC4B5D29CB340400527E3C /* main.m */; };
		ADCC4B6629CB340400527E3C /* AppDelegate.m in Sources */ = {isa = PBXBuildFile; fileRef = ADCC4B5E29CB340400527E3C /* AppDelegate.m */; };
		ADCC4B6729CB340400527E3C /* SettingsViewController.swift in Sources */ = {isa = PBXBuildFile; fileRef = ADCC4B5F29CB340400527E3C /* SettingsViewController.swift */; };
		ADCD8036299BD2FD006713AA /* Main.storyboard in Resources */ = {isa = PBXBuildFile; fileRef = ADCD8034299BD2FD006713AA /* Main.storyboard */; };
		ADCD8038299BD2FE006713AA /* Assets.xcassets in Resources */ = {isa = PBXBuildFile; fileRef = ADCD8037299BD2FE006713AA /* Assets.xcassets */; };
		ADCD803B299BD2FE006713AA /* LaunchScreen.storyboard in Resources */ = {isa = PBXBuildFile; fileRef = ADCD8039299BD2FE006713AA /* LaunchScreen.storyboard */; };
		ADD0C9E129D5B06000472023 /* TextViewController.swift in Sources */ = {isa = PBXBuildFile; fileRef = ADD0C9E029D5B06000472023 /* TextViewController.swift */; };
/* End PBXBuildFile section */

/* Begin PBXFileReference section */
		AD2301832ADD242A008000D1 /* AdaptableViewController.swift */ = {isa = PBXFileReference; lastKnownFileType = sourcecode.swift; path = AdaptableViewController.swift; sourceTree = "<group>"; };
		AD2E72FE29F8FB0500E9C7EF /* ImageViewController.swift */ = {isa = PBXFileReference; lastKnownFileType = sourcecode.swift; path = ImageViewController.swift; sourceTree = "<group>"; };
		AD2E730029F8FE3700E9C7EF /* ImageContentViewController.swift */ = {isa = PBXFileReference; lastKnownFileType = sourcecode.swift; path = ImageContentViewController.swift; sourceTree = "<group>"; };
		AD2FDE73299D20EB007FA7B1 /* AppleSheet.swift */ = {isa = PBXFileReference; lastKnownFileType = sourcecode.swift; path = AppleSheet.swift; sourceTree = "<group>"; };
		AD30F2F329CB4C4E0056BB40 /* UISegmentedControlExtensions.swift */ = {isa = PBXFileReference; lastKnownFileType = sourcecode.swift; path = UISegmentedControlExtensions.swift; sourceTree = "<group>"; };
		AD61761129BF2F3C00755515 /* AppleInspiredPuller-Bridging-Header.h */ = {isa = PBXFileReference; lastKnownFileType = sourcecode.c.h; path = "AppleInspiredPuller-Bridging-Header.h"; sourceTree = "<group>"; };
		ADCBFD6229E9393700A956AC /* SwiftUIViewController.swift */ = {isa = PBXFileReference; fileEncoding = 4; lastKnownFileType = sourcecode.swift; path = SwiftUIViewController.swift; sourceTree = "<group>"; };
		ADCC4B3429CB126E00527E3C /* AppleDetent.swift */ = {isa = PBXFileReference; lastKnownFileType = sourcecode.swift; path = AppleDetent.swift; sourceTree = "<group>"; };
		ADCC4B5529CB340400527E3C /* MainViewController.swift */ = {isa = PBXFileReference; fileEncoding = 4; lastKnownFileType = sourcecode.swift; path = MainViewController.swift; sourceTree = "<group>"; };
		ADCC4B5829CB340400527E3C /* UIColorExtensions.swift */ = {isa = PBXFileReference; fileEncoding = 4; lastKnownFileType = sourcecode.swift; path = UIColorExtensions.swift; sourceTree = "<group>"; };
		ADCC4B5929CB340400527E3C /* SomeViewController.swift */ = {isa = PBXFileReference; fileEncoding = 4; lastKnownFileType = sourcecode.swift; path = SomeViewController.swift; sourceTree = "<group>"; };
		ADCC4B5A29CB340400527E3C /* PresentationSettings.swift */ = {isa = PBXFileReference; fileEncoding = 4; lastKnownFileType = sourcecode.swift; path = PresentationSettings.swift; sourceTree = "<group>"; };
		ADCC4B5C29CB340400527E3C /* AppDelegate.h */ = {isa = PBXFileReference; fileEncoding = 4; lastKnownFileType = sourcecode.c.h; path = AppDelegate.h; sourceTree = "<group>"; };
		ADCC4B5D29CB340400527E3C /* main.m */ = {isa = PBXFileReference; fileEncoding = 4; lastKnownFileType = sourcecode.c.objc; path = main.m; sourceTree = "<group>"; };
		ADCC4B5E29CB340400527E3C /* AppDelegate.m */ = {isa = PBXFileReference; fileEncoding = 4; lastKnownFileType = sourcecode.c.objc; path = AppDelegate.m; sourceTree = "<group>"; };
		ADCC4B5F29CB340400527E3C /* SettingsViewController.swift */ = {isa = PBXFileReference; fileEncoding = 4; lastKnownFileType = sourcecode.swift; path = SettingsViewController.swift; sourceTree = "<group>"; };
		ADCD802B299BD2FD006713AA /* AppleInspiredPuller.app */ = {isa = PBXFileReference; explicitFileType = wrapper.application; includeInIndex = 0; path = AppleInspiredPuller.app; sourceTree = BUILT_PRODUCTS_DIR; };
		ADCD8035299BD2FD006713AA /* Base */ = {isa = PBXFileReference; lastKnownFileType = file.storyboard; name = Base; path = Base.lproj/Main.storyboard; sourceTree = "<group>"; };
		ADCD8037299BD2FE006713AA /* Assets.xcassets */ = {isa = PBXFileReference; lastKnownFileType = folder.assetcatalog; path = Assets.xcassets; sourceTree = "<group>"; };
		ADCD803A299BD2FE006713AA /* Base */ = {isa = PBXFileReference; lastKnownFileType = file.storyboard; name = Base; path = Base.lproj/LaunchScreen.storyboard; sourceTree = "<group>"; };
		ADCD803C299BD2FE006713AA /* Info.plist */ = {isa = PBXFileReference; lastKnownFileType = text.plist.xml; path = Info.plist; sourceTree = "<group>"; };
		ADD0C9E029D5B06000472023 /* TextViewController.swift */ = {isa = PBXFileReference; lastKnownFileType = sourcecode.swift; path = TextViewController.swift; sourceTree = "<group>"; };
/* End PBXFileReference section */

/* Begin PBXFrameworksBuildPhase section */
		ADCD8028299BD2FD006713AA /* Frameworks */ = {
			isa = PBXFrameworksBuildPhase;
			buildActionMask = 2147483647;
			files = (
				ADCBEECD2BB56F2500CCC6AD /* Puller in Frameworks */,
			);
			runOnlyForDeploymentPostprocessing = 0;
		};
/* End PBXFrameworksBuildPhase section */

/* Begin PBXGroup section */
		ADC7664929B9CB600085DFE5 /* Sheet */ = {
			isa = PBXGroup;
			children = (
				AD2FDE73299D20EB007FA7B1 /* AppleSheet.swift */,
				ADCC4B3429CB126E00527E3C /* AppleDetent.swift */,
			);
			path = Sheet;
			sourceTree = "<group>";
		};
		ADCC4B5429CB340400527E3C /* App */ = {
			isa = PBXGroup;
			children = (
				ADCC4B5B29CB340400527E3C /* AppDelegate */,
				ADCC4B5629CB340400527E3C /* Extensions */,
				ADCC4B5529CB340400527E3C /* MainViewController.swift */,
				ADCC4B5929CB340400527E3C /* SomeViewController.swift */,
				ADD0C9E029D5B06000472023 /* TextViewController.swift */,
				ADCBFD6229E9393700A956AC /* SwiftUIViewController.swift */,
				AD2E72FE29F8FB0500E9C7EF /* ImageViewController.swift */,
				AD2E730029F8FE3700E9C7EF /* ImageContentViewController.swift */,
				ADCC4B5A29CB340400527E3C /* PresentationSettings.swift */,
				ADCC4B5F29CB340400527E3C /* SettingsViewController.swift */,
				AD2301832ADD242A008000D1 /* AdaptableViewController.swift */,
			);
			path = App;
			sourceTree = "<group>";
		};
		ADCC4B5629CB340400527E3C /* Extensions */ = {
			isa = PBXGroup;
			children = (
				ADCC4B5829CB340400527E3C /* UIColorExtensions.swift */,
				AD30F2F329CB4C4E0056BB40 /* UISegmentedControlExtensions.swift */,
			);
			path = Extensions;
			sourceTree = "<group>";
		};
		ADCC4B5B29CB340400527E3C /* AppDelegate */ = {
			isa = PBXGroup;
			children = (
				ADCC4B5D29CB340400527E3C /* main.m */,
				ADCC4B5C29CB340400527E3C /* AppDelegate.h */,
				ADCC4B5E29CB340400527E3C /* AppDelegate.m */,
			);
			path = AppDelegate;
			sourceTree = "<group>";
		};
		ADCD8022299BD2FD006713AA = {
			isa = PBXGroup;
			children = (
				ADCD802D299BD2FD006713AA /* AppleInspiredPuller */,
				ADCD802C299BD2FD006713AA /* Products */,
			);
			sourceTree = "<group>";
		};
		ADCD802C299BD2FD006713AA /* Products */ = {
			isa = PBXGroup;
			children = (
				ADCD802B299BD2FD006713AA /* AppleInspiredPuller.app */,
			);
			name = Products;
			sourceTree = "<group>";
		};
		ADCD802D299BD2FD006713AA /* AppleInspiredPuller */ = {
			isa = PBXGroup;
			children = (
				ADCC4B5429CB340400527E3C /* App */,
				ADC7664929B9CB600085DFE5 /* Sheet */,
				ADCD8034299BD2FD006713AA /* Main.storyboard */,
				ADCD8037299BD2FE006713AA /* Assets.xcassets */,
				ADCD8039299BD2FE006713AA /* LaunchScreen.storyboard */,
				ADCD803C299BD2FE006713AA /* Info.plist */,
				AD61761129BF2F3C00755515 /* AppleInspiredPuller-Bridging-Header.h */,
			);
			path = AppleInspiredPuller;
			sourceTree = "<group>";
		};
/* End PBXGroup section */

/* Begin PBXNativeTarget section */
		ADCD802A299BD2FD006713AA /* AppleInspiredPuller */ = {
			isa = PBXNativeTarget;
			buildConfigurationList = ADCD803F299BD2FE006713AA /* Build configuration list for PBXNativeTarget "AppleInspiredPuller" */;
			buildPhases = (
				ADCD8027299BD2FD006713AA /* Sources */,
				ADCD8028299BD2FD006713AA /* Frameworks */,
				ADCD8029299BD2FD006713AA /* Resources */,
			);
			buildRules = (
			);
			dependencies = (
			);
			name = AppleInspiredPuller;
			packageProductDependencies = (
				ADCBEECC2BB56F2500CCC6AD /* Puller */,
			);
			productName = SheetsByApple;
			productReference = ADCD802B299BD2FD006713AA /* AppleInspiredPuller.app */;
			productType = "com.apple.product-type.application";
		};
/* End PBXNativeTarget section */

/* Begin PBXProject section */
		ADCD8023299BD2FD006713AA /* Project object */ = {
			isa = PBXProject;
			attributes = {
				BuildIndependentTargetsInParallel = 1;
				LastSwiftUpdateCheck = 1420;
				LastUpgradeCheck = 1500;
				ORGANIZATIONNAME = "";
				TargetAttributes = {
					ADCD802A299BD2FD006713AA = {
						CreatedOnToolsVersion = 14.2;
						LastSwiftMigration = 1420;
					};
				};
			};
			buildConfigurationList = ADCD8026299BD2FD006713AA /* Build configuration list for PBXProject "AppleInspiredPuller" */;
			compatibilityVersion = "Xcode 14.0";
			developmentRegion = en;
			hasScannedForEncodings = 0;
			knownRegions = (
				en,
				Base,
			);
			mainGroup = ADCD8022299BD2FD006713AA;
			packageReferences = (
				ADCBEECB2BB56F2400CCC6AD /* XCRemoteSwiftPackageReference "Apple-Inspired-Puller" */,
			);
			productRefGroup = ADCD802C299BD2FD006713AA /* Products */;
			projectDirPath = "";
			projectRoot = "";
			targets = (
				ADCD802A299BD2FD006713AA /* AppleInspiredPuller */,
			);
		};
/* End PBXProject section */

/* Begin PBXResourcesBuildPhase section */
		ADCD8029299BD2FD006713AA /* Resources */ = {
			isa = PBXResourcesBuildPhase;
			buildActionMask = 2147483647;
			files = (
				ADCD803B299BD2FE006713AA /* LaunchScreen.storyboard in Resources */,
				ADCD8038299BD2FE006713AA /* Assets.xcassets in Resources */,
				ADCD8036299BD2FD006713AA /* Main.storyboard in Resources */,
			);
			runOnlyForDeploymentPostprocessing = 0;
		};
/* End PBXResourcesBuildPhase section */

/* Begin PBXSourcesBuildPhase section */
		ADCD8027299BD2FD006713AA /* Sources */ = {
			isa = PBXSourcesBuildPhase;
			buildActionMask = 2147483647;
			files = (
				ADCBFD6329E9393700A956AC /* SwiftUIViewController.swift in Sources */,
				ADCC4B6429CB340400527E3C /* PresentationSettings.swift in Sources */,
				ADCC4B3529CB126E00527E3C /* AppleDetent.swift in Sources */,
				AD2301842ADD242A008000D1 /* AdaptableViewController.swift in Sources */,
				AD2FDE74299D20EB007FA7B1 /* AppleSheet.swift in Sources */,
				ADCC4B6329CB340400527E3C /* SomeViewController.swift in Sources */,
				AD30F2F429CB4C4E0056BB40 /* UISegmentedControlExtensions.swift in Sources */,
				AD2E72FF29F8FB0500E9C7EF /* ImageViewController.swift in Sources */,
				ADD0C9E129D5B06000472023 /* TextViewController.swift in Sources */,
				ADCC4B6529CB340400527E3C /* main.m in Sources */,
				ADCC4B6629CB340400527E3C /* AppDelegate.m in Sources */,
				AD2E730129F8FE3700E9C7EF /* ImageContentViewController.swift in Sources */,
				ADCC4B6229CB340400527E3C /* UIColorExtensions.swift in Sources */,
				ADCC4B6029CB340400527E3C /* MainViewController.swift in Sources */,
				ADCC4B6729CB340400527E3C /* SettingsViewController.swift in Sources */,
			);
			runOnlyForDeploymentPostprocessing = 0;
		};
/* End PBXSourcesBuildPhase section */

/* Begin PBXVariantGroup section */
		ADCD8034299BD2FD006713AA /* Main.storyboard */ = {
			isa = PBXVariantGroup;
			children = (
				ADCD8035299BD2FD006713AA /* Base */,
			);
			name = Main.storyboard;
			sourceTree = "<group>";
		};
		ADCD8039299BD2FE006713AA /* LaunchScreen.storyboard */ = {
			isa = PBXVariantGroup;
			children = (
				ADCD803A299BD2FE006713AA /* Base */,
			);
			name = LaunchScreen.storyboard;
			sourceTree = "<group>";
		};
/* End PBXVariantGroup section */

/* Begin XCBuildConfiguration section */
		ADCD803D299BD2FE006713AA /* Debug */ = {
			isa = XCBuildConfiguration;
			buildSettings = {
				ALWAYS_SEARCH_USER_PATHS = NO;
				CLANG_ANALYZER_NONNULL = YES;
				CLANG_ANALYZER_NUMBER_OBJECT_CONVERSION = YES_AGGRESSIVE;
				CLANG_CXX_LANGUAGE_STANDARD = "gnu++20";
				CLANG_ENABLE_MODULES = YES;
				CLANG_ENABLE_OBJC_ARC = YES;
				CLANG_ENABLE_OBJC_WEAK = YES;
				CLANG_WARN_BLOCK_CAPTURE_AUTORELEASING = YES;
				CLANG_WARN_BOOL_CONVERSION = YES;
				CLANG_WARN_COMMA = YES;
				CLANG_WARN_CONSTANT_CONVERSION = YES;
				CLANG_WARN_DEPRECATED_OBJC_IMPLEMENTATIONS = YES;
				CLANG_WARN_DIRECT_OBJC_ISA_USAGE = YES_ERROR;
				CLANG_WARN_DOCUMENTATION_COMMENTS = YES;
				CLANG_WARN_EMPTY_BODY = YES;
				CLANG_WARN_ENUM_CONVERSION = YES;
				CLANG_WARN_INFINITE_RECURSION = YES;
				CLANG_WARN_INT_CONVERSION = YES;
				CLANG_WARN_NON_LITERAL_NULL_CONVERSION = YES;
				CLANG_WARN_OBJC_IMPLICIT_RETAIN_SELF = YES;
				CLANG_WARN_OBJC_LITERAL_CONVERSION = YES;
				CLANG_WARN_OBJC_ROOT_CLASS = YES_ERROR;
				CLANG_WARN_QUOTED_INCLUDE_IN_FRAMEWORK_HEADER = YES;
				CLANG_WARN_RANGE_LOOP_ANALYSIS = YES;
				CLANG_WARN_STRICT_PROTOTYPES = YES;
				CLANG_WARN_SUSPICIOUS_MOVE = YES;
				CLANG_WARN_UNGUARDED_AVAILABILITY = YES_AGGRESSIVE;
				CLANG_WARN_UNREACHABLE_CODE = YES;
				CLANG_WARN__DUPLICATE_METHOD_MATCH = YES;
				COPY_PHASE_STRIP = NO;
				DEBUG_INFORMATION_FORMAT = dwarf;
				ENABLE_STRICT_OBJC_MSGSEND = YES;
				ENABLE_TESTABILITY = YES;
				ENABLE_USER_SCRIPT_SANDBOXING = YES;
				GCC_C_LANGUAGE_STANDARD = gnu11;
				GCC_DYNAMIC_NO_PIC = NO;
				GCC_NO_COMMON_BLOCKS = YES;
				GCC_OPTIMIZATION_LEVEL = 0;
				GCC_PREPROCESSOR_DEFINITIONS = (
					"DEBUG=1",
					"$(inherited)",
				);
				GCC_WARN_64_TO_32_BIT_CONVERSION = YES;
				GCC_WARN_ABOUT_RETURN_TYPE = YES_ERROR;
				GCC_WARN_UNDECLARED_SELECTOR = YES;
				GCC_WARN_UNINITIALIZED_AUTOS = YES_AGGRESSIVE;
				GCC_WARN_UNUSED_FUNCTION = YES;
				GCC_WARN_UNUSED_VARIABLE = YES;
				IPHONEOS_DEPLOYMENT_TARGET = 16.2;
				MTL_ENABLE_DEBUG_INFO = INCLUDE_SOURCE;
				MTL_FAST_MATH = YES;
				ONLY_ACTIVE_ARCH = YES;
				SDKROOT = iphoneos;
				SWIFT_ACTIVE_COMPILATION_CONDITIONS = DEBUG;
				SWIFT_OPTIMIZATION_LEVEL = "-Onone";
			};
			name = Debug;
		};
		ADCD803E299BD2FE006713AA /* Release */ = {
			isa = XCBuildConfiguration;
			buildSettings = {
				ALWAYS_SEARCH_USER_PATHS = NO;
				CLANG_ANALYZER_NONNULL = YES;
				CLANG_ANALYZER_NUMBER_OBJECT_CONVERSION = YES_AGGRESSIVE;
				CLANG_CXX_LANGUAGE_STANDARD = "gnu++20";
				CLANG_ENABLE_MODULES = YES;
				CLANG_ENABLE_OBJC_ARC = YES;
				CLANG_ENABLE_OBJC_WEAK = YES;
				CLANG_WARN_BLOCK_CAPTURE_AUTORELEASING = YES;
				CLANG_WARN_BOOL_CONVERSION = YES;
				CLANG_WARN_COMMA = YES;
				CLANG_WARN_CONSTANT_CONVERSION = YES;
				CLANG_WARN_DEPRECATED_OBJC_IMPLEMENTATIONS = YES;
				CLANG_WARN_DIRECT_OBJC_ISA_USAGE = YES_ERROR;
				CLANG_WARN_DOCUMENTATION_COMMENTS = YES;
				CLANG_WARN_EMPTY_BODY = YES;
				CLANG_WARN_ENUM_CONVERSION = YES;
				CLANG_WARN_INFINITE_RECURSION = YES;
				CLANG_WARN_INT_CONVERSION = YES;
				CLANG_WARN_NON_LITERAL_NULL_CONVERSION = YES;
				CLANG_WARN_OBJC_IMPLICIT_RETAIN_SELF = YES;
				CLANG_WARN_OBJC_LITERAL_CONVERSION = YES;
				CLANG_WARN_OBJC_ROOT_CLASS = YES_ERROR;
				CLANG_WARN_QUOTED_INCLUDE_IN_FRAMEWORK_HEADER = YES;
				CLANG_WARN_RANGE_LOOP_ANALYSIS = YES;
				CLANG_WARN_STRICT_PROTOTYPES = YES;
				CLANG_WARN_SUSPICIOUS_MOVE = YES;
				CLANG_WARN_UNGUARDED_AVAILABILITY = YES_AGGRESSIVE;
				CLANG_WARN_UNREACHABLE_CODE = YES;
				CLANG_WARN__DUPLICATE_METHOD_MATCH = YES;
				COPY_PHASE_STRIP = NO;
				DEBUG_INFORMATION_FORMAT = "dwarf-with-dsym";
				ENABLE_NS_ASSERTIONS = NO;
				ENABLE_STRICT_OBJC_MSGSEND = YES;
				ENABLE_USER_SCRIPT_SANDBOXING = YES;
				GCC_C_LANGUAGE_STANDARD = gnu11;
				GCC_NO_COMMON_BLOCKS = YES;
				GCC_WARN_64_TO_32_BIT_CONVERSION = YES;
				GCC_WARN_ABOUT_RETURN_TYPE = YES_ERROR;
				GCC_WARN_UNDECLARED_SELECTOR = YES;
				GCC_WARN_UNINITIALIZED_AUTOS = YES_AGGRESSIVE;
				GCC_WARN_UNUSED_FUNCTION = YES;
				GCC_WARN_UNUSED_VARIABLE = YES;
				IPHONEOS_DEPLOYMENT_TARGET = 16.2;
				MTL_ENABLE_DEBUG_INFO = NO;
				MTL_FAST_MATH = YES;
				SDKROOT = iphoneos;
				SWIFT_COMPILATION_MODE = wholemodule;
				SWIFT_OPTIMIZATION_LEVEL = "-O";
				VALIDATE_PRODUCT = YES;
			};
			name = Release;
		};
		ADCD8040299BD2FE006713AA /* Debug */ = {
			isa = XCBuildConfiguration;
			buildSettings = {
				ASSETCATALOG_COMPILER_APPICON_NAME = AppIcon;
				ASSETCATALOG_COMPILER_GLOBAL_ACCENT_COLOR_NAME = AccentColor;
				CLANG_ENABLE_MODULES = YES;
				CODE_SIGN_STYLE = Automatic;
				CURRENT_PROJECT_VERSION = 112;
				DEVELOPMENT_TEAM = G9N53683T3;
				GENERATE_INFOPLIST_FILE = YES;
				INFOPLIST_FILE = AppleInspiredPuller/Info.plist;
				INFOPLIST_KEY_UIApplicationSupportsIndirectInputEvents = YES;
				INFOPLIST_KEY_UILaunchStoryboardName = LaunchScreen;
				INFOPLIST_KEY_UIMainStoryboardFile = Main;
				INFOPLIST_KEY_UISupportedInterfaceOrientations_iPad = "UIInterfaceOrientationPortrait UIInterfaceOrientationPortraitUpsideDown UIInterfaceOrientationLandscapeLeft UIInterfaceOrientationLandscapeRight";
				INFOPLIST_KEY_UISupportedInterfaceOrientations_iPhone = "UIInterfaceOrientationPortrait UIInterfaceOrientationLandscapeLeft UIInterfaceOrientationLandscapeRight";
				IPHONEOS_DEPLOYMENT_TARGET = 12.0;
				LD_RUNPATH_SEARCH_PATHS = (
					"$(inherited)",
					"@executable_path/Frameworks",
				);
				MARKETING_VERSION = 1.0;
				PRODUCT_BUNDLE_IDENTIFIER = com.zsergey.Transformator;
				PRODUCT_NAME = "$(TARGET_NAME)";
				SWIFT_EMIT_LOC_STRINGS = YES;
				SWIFT_OBJC_BRIDGING_HEADER = "AppleInspiredPuller/AppleInspiredPuller-Bridging-Header.h";
				SWIFT_OPTIMIZATION_LEVEL = "-Onone";
				SWIFT_VERSION = 5.0;
				TARGETED_DEVICE_FAMILY = "1,2";
			};
			name = Debug;
		};
		ADCD8041299BD2FE006713AA /* Release */ = {
			isa = XCBuildConfiguration;
			buildSettings = {
				ASSETCATALOG_COMPILER_APPICON_NAME = AppIcon;
				ASSETCATALOG_COMPILER_GLOBAL_ACCENT_COLOR_NAME = AccentColor;
				CLANG_ENABLE_MODULES = YES;
				CODE_SIGN_STYLE = Automatic;
				CURRENT_PROJECT_VERSION = 112;
				DEVELOPMENT_TEAM = G9N53683T3;
				GENERATE_INFOPLIST_FILE = YES;
				INFOPLIST_FILE = AppleInspiredPuller/Info.plist;
				INFOPLIST_KEY_UIApplicationSupportsIndirectInputEvents = YES;
				INFOPLIST_KEY_UILaunchStoryboardName = LaunchScreen;
				INFOPLIST_KEY_UIMainStoryboardFile = Main;
				INFOPLIST_KEY_UISupportedInterfaceOrientations_iPad = "UIInterfaceOrientationPortrait UIInterfaceOrientationPortraitUpsideDown UIInterfaceOrientationLandscapeLeft UIInterfaceOrientationLandscapeRight";
				INFOPLIST_KEY_UISupportedInterfaceOrientations_iPhone = "UIInterfaceOrientationPortrait UIInterfaceOrientationLandscapeLeft UIInterfaceOrientationLandscapeRight";
				IPHONEOS_DEPLOYMENT_TARGET = 12.0;
				LD_RUNPATH_SEARCH_PATHS = (
					"$(inherited)",
					"@executable_path/Frameworks",
				);
				MARKETING_VERSION = 1.0;
				PRODUCT_BUNDLE_IDENTIFIER = com.zsergey.Transformator;
				PRODUCT_NAME = "$(TARGET_NAME)";
				SWIFT_EMIT_LOC_STRINGS = YES;
				SWIFT_OBJC_BRIDGING_HEADER = "AppleInspiredPuller/AppleInspiredPuller-Bridging-Header.h";
				SWIFT_VERSION = 5.0;
				TARGETED_DEVICE_FAMILY = "1,2";
			};
			name = Release;
		};
/* End XCBuildConfiguration section */

/* Begin XCConfigurationList section */
		ADCD8026299BD2FD006713AA /* Build configuration list for PBXProject "AppleInspiredPuller" */ = {
			isa = XCConfigurationList;
			buildConfigurations = (
				ADCD803D299BD2FE006713AA /* Debug */,
				ADCD803E299BD2FE006713AA /* Release */,
			);
			defaultConfigurationIsVisible = 0;
			defaultConfigurationName = Release;
		};
		ADCD803F299BD2FE006713AA /* Build configuration list for PBXNativeTarget "AppleInspiredPuller" */ = {
			isa = XCConfigurationList;
			buildConfigurations = (
				ADCD8040299BD2FE006713AA /* Debug */,
				ADCD8041299BD2FE006713AA /* Release */,
			);
			defaultConfigurationIsVisible = 0;
			defaultConfigurationName = Release;
		};
/* End XCConfigurationList section */

/* Begin XCRemoteSwiftPackageReference section */
		ADCBEECB2BB56F2400CCC6AD /* XCRemoteSwiftPackageReference "Apple-Inspired-Puller" */ = {
			isa = XCRemoteSwiftPackageReference;
			repositoryURL = "https://github.com/zsergey/Apple-Inspired-Puller.git";
			requirement = {
				branch = develop;
				kind = branch;
			};
		};
/* End XCRemoteSwiftPackageReference section */

/* Begin XCSwiftPackageProductDependency section */
		ADCBEECC2BB56F2500CCC6AD /* Puller */ = {
			isa = XCSwiftPackageProductDependency;
			package = ADCBEECB2BB56F2400CCC6AD /* XCRemoteSwiftPackageReference "Apple-Inspired-Puller" */;
			productName = Puller;
		};
/* End XCSwiftPackageProductDependency section */
	};
	rootObject = ADCD8023299BD2FD006713AA /* Project object */;
}
